// !$*UTF8*$!
{
	archiveVersion = 1;
	classes = {
	};
	objectVersion = 55;
	objects = {

/* Begin PBXBuildFile section */
		8B5E1CA42715D9E700521128 /* ContentView.swift in Sources */ = {isa = PBXBuildFile; fileRef = 8B5E1CA32715D9E700521128 /* ContentView.swift */; };
		8B5E1CA92715DB3F00521128 /* ASCollectionView in Frameworks */ = {isa = PBXBuildFile; productRef = 8B5E1CA82715DB3F00521128 /* ASCollectionView */; };
		8B5E1CAB2715E26600521128 /* LoginService.swift in Sources */ = {isa = PBXBuildFile; fileRef = 8B5E1CAA2715E26600521128 /* LoginService.swift */; };
		8B5E1CAE2715E48F00521128 /* FriendsView.swift in Sources */ = {isa = PBXBuildFile; fileRef = 8B5E1CAD2715E48F00521128 /* FriendsView.swift */; };
		8B5E1CB32715EEFC00521128 /* GroupsView.swift in Sources */ = {isa = PBXBuildFile; fileRef = 8B5E1CB22715EEFC00521128 /* GroupsView.swift */; };
		8B5E1CB52715F02D00521128 /* NewsView.swift in Sources */ = {isa = PBXBuildFile; fileRef = 8B5E1CB42715F02D00521128 /* NewsView.swift */; };
		8B5E1CB92716D55E00521128 /* FriendPhotosView.swift in Sources */ = {isa = PBXBuildFile; fileRef = 8B5E1CB82716D55E00521128 /* FriendPhotosView.swift */; };
		8B5E1CBB2716D83800521128 /* FriendPhotoCellView.swift in Sources */ = {isa = PBXBuildFile; fileRef = 8B5E1CBA2716D83800521128 /* FriendPhotoCellView.swift */; };
		8B5E1CBF2716EC3600521128 /* SectionDataModel.swift in Sources */ = {isa = PBXBuildFile; fileRef = 8B5E1CBE2716EC3600521128 /* SectionDataModel.swift */; };
		8B5E1CD3271834EB00521128 /* VKAuthView.swift in Sources */ = {isa = PBXBuildFile; fileRef = 8B5E1CD2271834EB00521128 /* VKAuthView.swift */; };
		8BF0B7482736C85E00782446 /* GoogleService-Info.plist in Resources */ = {isa = PBXBuildFile; fileRef = 8BF0B7472736C85E00782446 /* GoogleService-Info.plist */; };
		8BF0B7552736CACE00782446 /* WebViewModel.swift in Sources */ = {isa = PBXBuildFile; fileRef = 8BF0B7542736CACE00782446 /* WebViewModel.swift */; };
		8BF0B7572736CC8E00782446 /* Session.swift in Sources */ = {isa = PBXBuildFile; fileRef = 8BF0B7562736CC8E00782446 /* Session.swift */; };
		8BF0B7592736CCBC00782446 /* FirebaseUser.swift in Sources */ = {isa = PBXBuildFile; fileRef = 8BF0B7582736CCBC00782446 /* FirebaseUser.swift */; };
		8BF0B75C2736D2AE00782446 /* VKServiceProxy.swift in Sources */ = {isa = PBXBuildFile; fileRef = 8BF0B75B2736D2AE00782446 /* VKServiceProxy.swift */; };
		8BF0B75E2736D2B700782446 /* VKServiceInterface.swift in Sources */ = {isa = PBXBuildFile; fileRef = 8BF0B75D2736D2B700782446 /* VKServiceInterface.swift */; };
		8BF0B7602736D2BD00782446 /* VKServiceError.swift in Sources */ = {isa = PBXBuildFile; fileRef = 8BF0B75F2736D2BD00782446 /* VKServiceError.swift */; };
		8BF0B7622736D2CA00782446 /* VKService.swift in Sources */ = {isa = PBXBuildFile; fileRef = 8BF0B7612736D2CA00782446 /* VKService.swift */; };
		8BF0B76D2736D32500782446 /* RealmService.swift in Sources */ = {isa = PBXBuildFile; fileRef = 8BF0B76C2736D32500782446 /* RealmService.swift */; };
		8BF0B7892736E77A00782446 /* ParseFriendsData.swift in Sources */ = {isa = PBXBuildFile; fileRef = 8BF0B7852736E77A00782446 /* ParseFriendsData.swift */; };
		8BF0B78A2736E77A00782446 /* GetDataOperation.swift in Sources */ = {isa = PBXBuildFile; fileRef = 8BF0B7862736E77A00782446 /* GetDataOperation.swift */; };
		8BF0B78B2736E77A00782446 /* SaveDataToRealm.swift in Sources */ = {isa = PBXBuildFile; fileRef = 8BF0B7872736E77A00782446 /* SaveDataToRealm.swift */; };
		8BF0B78C2736E77A00782446 /* AsyncOperation.swift in Sources */ = {isa = PBXBuildFile; fileRef = 8BF0B7882736E77A00782446 /* AsyncOperation.swift */; };
		8BF0B79B2736E80900782446 /* FirebaseNew.swift in Sources */ = {isa = PBXBuildFile; fileRef = 8BF0B7992736E80800782446 /* FirebaseNew.swift */; };
		8BF0B7AC2736E8BF00782446 /* GroupModel.swift in Sources */ = {isa = PBXBuildFile; fileRef = 8BF0B7A92736E8BF00782446 /* GroupModel.swift */; };
		8BF0B7AD2736E8BF00782446 /* PhotoModel.swift in Sources */ = {isa = PBXBuildFile; fileRef = 8BF0B7AA2736E8BF00782446 /* PhotoModel.swift */; };
		8BF0B7AE2736E8BF00782446 /* UserModel.swift in Sources */ = {isa = PBXBuildFile; fileRef = 8BF0B7AB2736E8BF00782446 /* UserModel.swift */; };
		8BF0B7BB2736F29200782446 /* LazyView.swift in Sources */ = {isa = PBXBuildFile; fileRef = 8BF0B7BA2736F29100782446 /* LazyView.swift */; };
		8BF0B7C02736F64700782446 /* FriendDisplayItemFabric.swift in Sources */ = {isa = PBXBuildFile; fileRef = 8BF0B7BF2736F64700782446 /* FriendDisplayItemFabric.swift */; };
		8BF0B7C22736F6B300782446 /* FriendDisplayItem.swift in Sources */ = {isa = PBXBuildFile; fileRef = 8BF0B7C12736F6B300782446 /* FriendDisplayItem.swift */; };
		8BF0B7C42736FE4000782446 /* FriendViewModel.swift in Sources */ = {isa = PBXBuildFile; fileRef = 8BF0B7C32736FE4000782446 /* FriendViewModel.swift */; };
		8BF0B7C6273801D400782446 /* GroupDisplayItem.swift in Sources */ = {isa = PBXBuildFile; fileRef = 8BF0B7C5273801D400782446 /* GroupDisplayItem.swift */; };
		8BF0B7C82738021000782446 /* GroupDisplayItemFabric.swift in Sources */ = {isa = PBXBuildFile; fileRef = 8BF0B7C72738021000782446 /* GroupDisplayItemFabric.swift */; };
		8BF0B7CA2738036500782446 /* GroupViewModel.swift in Sources */ = {isa = PBXBuildFile; fileRef = 8BF0B7C92738036500782446 /* GroupViewModel.swift */; };
		8BF0B7CC2738073100782446 /* PhotoDisplayItem.swift in Sources */ = {isa = PBXBuildFile; fileRef = 8BF0B7CB2738073100782446 /* PhotoDisplayItem.swift */; };
		8BF0B7CE2738074800782446 /* PhotoDisplayItemFabric.swift in Sources */ = {isa = PBXBuildFile; fileRef = 8BF0B7CD2738074800782446 /* PhotoDisplayItemFabric.swift */; };
		8BF0B7D0273808D200782446 /* PhotoViewModel.swift in Sources */ = {isa = PBXBuildFile; fileRef = 8BF0B7CF273808D200782446 /* PhotoViewModel.swift */; };
		8BF0B7D62738384300782446 /* LoginViewModel.swift in Sources */ = {isa = PBXBuildFile; fileRef = 8BF0B7D52738384300782446 /* LoginViewModel.swift */; };
		8BF0B7D8273839D800782446 /* MainTabBarCoordinator.swift in Sources */ = {isa = PBXBuildFile; fileRef = 8BF0B7D7273839D800782446 /* MainTabBarCoordinator.swift */; };
		8BF0B7F42738524900782446 /* MyPropertyWrapper.swift in Sources */ = {isa = PBXBuildFile; fileRef = 8BF0B7F32738524900782446 /* MyPropertyWrapper.swift */; };
		8BFE877A270AE57B004325E4 /* SwiftUI_VKServiceApp.swift in Sources */ = {isa = PBXBuildFile; fileRef = 8BFE8779270AE57B004325E4 /* SwiftUI_VKServiceApp.swift */; };
		8BFE877C270AE57B004325E4 /* LoginView.swift in Sources */ = {isa = PBXBuildFile; fileRef = 8BFE877B270AE57B004325E4 /* LoginView.swift */; };
		8BFE877E270AE57E004325E4 /* Assets.xcassets in Resources */ = {isa = PBXBuildFile; fileRef = 8BFE877D270AE57E004325E4 /* Assets.xcassets */; };
		8BFE8781270AE57E004325E4 /* Preview Assets.xcassets in Resources */ = {isa = PBXBuildFile; fileRef = 8BFE8780270AE57E004325E4 /* Preview Assets.xcassets */; };
		8BFE8788270DFC4A004325E4 /* GroupCellView.swift in Sources */ = {isa = PBXBuildFile; fileRef = 8BFE8787270DFC4A004325E4 /* GroupCellView.swift */; };
		8BFE878A270DFC63004325E4 /* FriendCellView.swift in Sources */ = {isa = PBXBuildFile; fileRef = 8BFE8789270DFC63004325E4 /* FriendCellView.swift */; };
		8BFE878C270E0609004325E4 /* CircleShadowViewModifier.swift in Sources */ = {isa = PBXBuildFile; fileRef = 8BFE878B270E0609004325E4 /* CircleShadowViewModifier.swift */; };
		8BFE878E2710A171004325E4 /* AvatarImageViewBuilder.swift in Sources */ = {isa = PBXBuildFile; fileRef = 8BFE878D2710A171004325E4 /* AvatarImageViewBuilder.swift */; };
		CB52994FBD46C908E91AA61B /* Pods_SwiftUI_VKService.framework in Frameworks */ = {isa = PBXBuildFile; fileRef = EAE392D2737501706B39B99D /* Pods_SwiftUI_VKService.framework */; };
/* End PBXBuildFile section */

/* Begin PBXFileReference section */
		6E1FC3EFA9DAA1439CB026E4 /* Pods-SwiftUI-VKService.debug.xcconfig */ = {isa = PBXFileReference; includeInIndex = 1; lastKnownFileType = text.xcconfig; name = "Pods-SwiftUI-VKService.debug.xcconfig"; path = "Target Support Files/Pods-SwiftUI-VKService/Pods-SwiftUI-VKService.debug.xcconfig"; sourceTree = "<group>"; };
		8B5E1CA32715D9E700521128 /* ContentView.swift */ = {isa = PBXFileReference; lastKnownFileType = sourcecode.swift; path = ContentView.swift; sourceTree = "<group>"; };
		8B5E1CAA2715E26600521128 /* LoginService.swift */ = {isa = PBXFileReference; lastKnownFileType = sourcecode.swift; path = LoginService.swift; sourceTree = "<group>"; };
		8B5E1CAD2715E48F00521128 /* FriendsView.swift */ = {isa = PBXFileReference; lastKnownFileType = sourcecode.swift; path = FriendsView.swift; sourceTree = "<group>"; };
		8B5E1CB22715EEFC00521128 /* GroupsView.swift */ = {isa = PBXFileReference; lastKnownFileType = sourcecode.swift; path = GroupsView.swift; sourceTree = "<group>"; };
		8B5E1CB42715F02D00521128 /* NewsView.swift */ = {isa = PBXFileReference; lastKnownFileType = sourcecode.swift; path = NewsView.swift; sourceTree = "<group>"; };
		8B5E1CB82716D55E00521128 /* FriendPhotosView.swift */ = {isa = PBXFileReference; lastKnownFileType = sourcecode.swift; path = FriendPhotosView.swift; sourceTree = "<group>"; };
		8B5E1CBA2716D83800521128 /* FriendPhotoCellView.swift */ = {isa = PBXFileReference; lastKnownFileType = sourcecode.swift; path = FriendPhotoCellView.swift; sourceTree = "<group>"; };
		8B5E1CBE2716EC3600521128 /* SectionDataModel.swift */ = {isa = PBXFileReference; lastKnownFileType = sourcecode.swift; path = SectionDataModel.swift; sourceTree = "<group>"; };
		8B5E1CD2271834EB00521128 /* VKAuthView.swift */ = {isa = PBXFileReference; lastKnownFileType = sourcecode.swift; path = VKAuthView.swift; sourceTree = "<group>"; };
		8BF0B7472736C85E00782446 /* GoogleService-Info.plist */ = {isa = PBXFileReference; fileEncoding = 4; lastKnownFileType = text.plist.xml; path = "GoogleService-Info.plist"; sourceTree = "<group>"; };
		8BF0B7542736CACE00782446 /* WebViewModel.swift */ = {isa = PBXFileReference; lastKnownFileType = sourcecode.swift; path = WebViewModel.swift; sourceTree = "<group>"; };
		8BF0B7562736CC8E00782446 /* Session.swift */ = {isa = PBXFileReference; lastKnownFileType = sourcecode.swift; path = Session.swift; sourceTree = "<group>"; };
		8BF0B7582736CCBC00782446 /* FirebaseUser.swift */ = {isa = PBXFileReference; lastKnownFileType = sourcecode.swift; path = FirebaseUser.swift; sourceTree = "<group>"; };
		8BF0B75B2736D2AE00782446 /* VKServiceProxy.swift */ = {isa = PBXFileReference; fileEncoding = 4; lastKnownFileType = sourcecode.swift; path = VKServiceProxy.swift; sourceTree = "<group>"; };
		8BF0B75D2736D2B700782446 /* VKServiceInterface.swift */ = {isa = PBXFileReference; fileEncoding = 4; lastKnownFileType = sourcecode.swift; path = VKServiceInterface.swift; sourceTree = "<group>"; };
		8BF0B75F2736D2BD00782446 /* VKServiceError.swift */ = {isa = PBXFileReference; fileEncoding = 4; lastKnownFileType = sourcecode.swift; path = VKServiceError.swift; sourceTree = "<group>"; };
		8BF0B7612736D2CA00782446 /* VKService.swift */ = {isa = PBXFileReference; fileEncoding = 4; lastKnownFileType = sourcecode.swift; path = VKService.swift; sourceTree = "<group>"; };
		8BF0B76C2736D32500782446 /* RealmService.swift */ = {isa = PBXFileReference; fileEncoding = 4; lastKnownFileType = sourcecode.swift; path = RealmService.swift; sourceTree = "<group>"; };
		8BF0B7852736E77A00782446 /* ParseFriendsData.swift */ = {isa = PBXFileReference; fileEncoding = 4; lastKnownFileType = sourcecode.swift; path = ParseFriendsData.swift; sourceTree = "<group>"; };
		8BF0B7862736E77A00782446 /* GetDataOperation.swift */ = {isa = PBXFileReference; fileEncoding = 4; lastKnownFileType = sourcecode.swift; path = GetDataOperation.swift; sourceTree = "<group>"; };
		8BF0B7872736E77A00782446 /* SaveDataToRealm.swift */ = {isa = PBXFileReference; fileEncoding = 4; lastKnownFileType = sourcecode.swift; path = SaveDataToRealm.swift; sourceTree = "<group>"; };
		8BF0B7882736E77A00782446 /* AsyncOperation.swift */ = {isa = PBXFileReference; fileEncoding = 4; lastKnownFileType = sourcecode.swift; path = AsyncOperation.swift; sourceTree = "<group>"; };
		8BF0B7992736E80800782446 /* FirebaseNew.swift */ = {isa = PBXFileReference; fileEncoding = 4; lastKnownFileType = sourcecode.swift; path = FirebaseNew.swift; sourceTree = "<group>"; };
		8BF0B7A92736E8BF00782446 /* GroupModel.swift */ = {isa = PBXFileReference; fileEncoding = 4; lastKnownFileType = sourcecode.swift; path = GroupModel.swift; sourceTree = "<group>"; };
		8BF0B7AA2736E8BF00782446 /* PhotoModel.swift */ = {isa = PBXFileReference; fileEncoding = 4; lastKnownFileType = sourcecode.swift; path = PhotoModel.swift; sourceTree = "<group>"; };
		8BF0B7AB2736E8BF00782446 /* UserModel.swift */ = {isa = PBXFileReference; fileEncoding = 4; lastKnownFileType = sourcecode.swift; path = UserModel.swift; sourceTree = "<group>"; };
		8BF0B7BA2736F29100782446 /* LazyView.swift */ = {isa = PBXFileReference; fileEncoding = 4; lastKnownFileType = sourcecode.swift; path = LazyView.swift; sourceTree = "<group>"; };
		8BF0B7BF2736F64700782446 /* FriendDisplayItemFabric.swift */ = {isa = PBXFileReference; lastKnownFileType = sourcecode.swift; path = FriendDisplayItemFabric.swift; sourceTree = "<group>"; };
		8BF0B7C12736F6B300782446 /* FriendDisplayItem.swift */ = {isa = PBXFileReference; lastKnownFileType = sourcecode.swift; path = FriendDisplayItem.swift; sourceTree = "<group>"; };
		8BF0B7C32736FE4000782446 /* FriendViewModel.swift */ = {isa = PBXFileReference; lastKnownFileType = sourcecode.swift; path = FriendViewModel.swift; sourceTree = "<group>"; };
		8BF0B7C5273801D400782446 /* GroupDisplayItem.swift */ = {isa = PBXFileReference; lastKnownFileType = sourcecode.swift; path = GroupDisplayItem.swift; sourceTree = "<group>"; };
		8BF0B7C72738021000782446 /* GroupDisplayItemFabric.swift */ = {isa = PBXFileReference; lastKnownFileType = sourcecode.swift; path = GroupDisplayItemFabric.swift; sourceTree = "<group>"; };
		8BF0B7C92738036500782446 /* GroupViewModel.swift */ = {isa = PBXFileReference; lastKnownFileType = sourcecode.swift; path = GroupViewModel.swift; sourceTree = "<group>"; };
		8BF0B7CB2738073100782446 /* PhotoDisplayItem.swift */ = {isa = PBXFileReference; lastKnownFileType = sourcecode.swift; path = PhotoDisplayItem.swift; sourceTree = "<group>"; };
		8BF0B7CD2738074800782446 /* PhotoDisplayItemFabric.swift */ = {isa = PBXFileReference; lastKnownFileType = sourcecode.swift; path = PhotoDisplayItemFabric.swift; sourceTree = "<group>"; };
		8BF0B7CF273808D200782446 /* PhotoViewModel.swift */ = {isa = PBXFileReference; lastKnownFileType = sourcecode.swift; path = PhotoViewModel.swift; sourceTree = "<group>"; };
		8BF0B7D52738384300782446 /* LoginViewModel.swift */ = {isa = PBXFileReference; lastKnownFileType = sourcecode.swift; path = LoginViewModel.swift; sourceTree = "<group>"; };
		8BF0B7D7273839D800782446 /* MainTabBarCoordinator.swift */ = {isa = PBXFileReference; lastKnownFileType = sourcecode.swift; path = MainTabBarCoordinator.swift; sourceTree = "<group>"; };
		8BF0B7F32738524900782446 /* MyPropertyWrapper.swift */ = {isa = PBXFileReference; lastKnownFileType = sourcecode.swift; path = MyPropertyWrapper.swift; sourceTree = "<group>"; };
		8BFE8776270AE57B004325E4 /* SwiftUI-VKService.app */ = {isa = PBXFileReference; explicitFileType = wrapper.application; includeInIndex = 0; path = "SwiftUI-VKService.app"; sourceTree = BUILT_PRODUCTS_DIR; };
		8BFE8779270AE57B004325E4 /* SwiftUI_VKServiceApp.swift */ = {isa = PBXFileReference; lastKnownFileType = sourcecode.swift; path = SwiftUI_VKServiceApp.swift; sourceTree = "<group>"; };
		8BFE877B270AE57B004325E4 /* LoginView.swift */ = {isa = PBXFileReference; lastKnownFileType = sourcecode.swift; path = LoginView.swift; sourceTree = "<group>"; };
		8BFE877D270AE57E004325E4 /* Assets.xcassets */ = {isa = PBXFileReference; lastKnownFileType = folder.assetcatalog; path = Assets.xcassets; sourceTree = "<group>"; };
		8BFE8780270AE57E004325E4 /* Preview Assets.xcassets */ = {isa = PBXFileReference; lastKnownFileType = folder.assetcatalog; path = "Preview Assets.xcassets"; sourceTree = "<group>"; };
		8BFE8787270DFC4A004325E4 /* GroupCellView.swift */ = {isa = PBXFileReference; lastKnownFileType = sourcecode.swift; path = GroupCellView.swift; sourceTree = "<group>"; };
		8BFE8789270DFC63004325E4 /* FriendCellView.swift */ = {isa = PBXFileReference; lastKnownFileType = sourcecode.swift; path = FriendCellView.swift; sourceTree = "<group>"; };
		8BFE878B270E0609004325E4 /* CircleShadowViewModifier.swift */ = {isa = PBXFileReference; lastKnownFileType = sourcecode.swift; path = CircleShadowViewModifier.swift; sourceTree = "<group>"; };
		8BFE878D2710A171004325E4 /* AvatarImageViewBuilder.swift */ = {isa = PBXFileReference; lastKnownFileType = sourcecode.swift; path = AvatarImageViewBuilder.swift; sourceTree = "<group>"; };
		C96B961B9F802F7626C92E95 /* Pods-SwiftUI-VKService.release.xcconfig */ = {isa = PBXFileReference; includeInIndex = 1; lastKnownFileType = text.xcconfig; name = "Pods-SwiftUI-VKService.release.xcconfig"; path = "Target Support Files/Pods-SwiftUI-VKService/Pods-SwiftUI-VKService.release.xcconfig"; sourceTree = "<group>"; };
		EAE392D2737501706B39B99D /* Pods_SwiftUI_VKService.framework */ = {isa = PBXFileReference; explicitFileType = wrapper.framework; includeInIndex = 0; path = Pods_SwiftUI_VKService.framework; sourceTree = BUILT_PRODUCTS_DIR; };
/* End PBXFileReference section */

/* Begin PBXFrameworksBuildPhase section */
		8BFE8773270AE57B004325E4 /* Frameworks */ = {
			isa = PBXFrameworksBuildPhase;
			buildActionMask = 2147483647;
			files = (
				8B5E1CA92715DB3F00521128 /* ASCollectionView in Frameworks */,
				CB52994FBD46C908E91AA61B /* Pods_SwiftUI_VKService.framework in Frameworks */,
			);
			runOnlyForDeploymentPostprocessing = 0;
		};
/* End PBXFrameworksBuildPhase section */

/* Begin PBXGroup section */
		4FE78ED10495B098B92B53DB /* Frameworks */ = {
			isa = PBXGroup;
			children = (
				EAE392D2737501706B39B99D /* Pods_SwiftUI_VKService.framework */,
			);
			name = Frameworks;
			sourceTree = "<group>";
		};
		8B5E1CA52715DA0B00521128 /* ViewModifiers */ = {
			isa = PBXGroup;
			children = (
				8BFE878B270E0609004325E4 /* CircleShadowViewModifier.swift */,
			);
			path = ViewModifiers;
			sourceTree = "<group>";
		};
		8B5E1CA62715DA1B00521128 /* ViewBuilders */ = {
			isa = PBXGroup;
			children = (
				8BFE878D2710A171004325E4 /* AvatarImageViewBuilder.swift */,
			);
			path = ViewBuilders;
			sourceTree = "<group>";
		};
		8B5E1CAC2715E2DF00521128 /* Services */ = {
			isa = PBXGroup;
			children = (
				8BF0B76C2736D32500782446 /* RealmService.swift */,
				8BF0B7612736D2CA00782446 /* VKService.swift */,
				8BF0B75F2736D2BD00782446 /* VKServiceError.swift */,
				8BF0B75B2736D2AE00782446 /* VKServiceProxy.swift */,
				8BF0B75D2736D2B700782446 /* VKServiceInterface.swift */,
				8B5E1CAA2715E26600521128 /* LoginService.swift */,
			);
			path = Services;
			sourceTree = "<group>";
		};
		8B5E1CAF2715E8E900521128 /* Models */ = {
			isa = PBXGroup;
			children = (
				8B5E1CBE2716EC3600521128 /* SectionDataModel.swift */,
				8BF0B7562736CC8E00782446 /* Session.swift */,
				8BF0B7582736CCBC00782446 /* FirebaseUser.swift */,
				8BF0B7992736E80800782446 /* FirebaseNew.swift */,
				8BF0B7A92736E8BF00782446 /* GroupModel.swift */,
				8BF0B7AA2736E8BF00782446 /* PhotoModel.swift */,
				8BF0B7AB2736E8BF00782446 /* UserModel.swift */,
			);
			path = Models;
			sourceTree = "<group>";
		};
		8B5E1CC0271831E800521128 /* UserStories */ = {
			isa = PBXGroup;
			children = (
				8BF0B7512736CA7800782446 /* VKAuth */,
				8B5E1CD0271832BF00521128 /* Login */,
				8B5E1CC42718321900521128 /* News */,
				8B5E1CC32718320F00521128 /* Photos */,
				8B5E1CC22718320700521128 /* Groups */,
				8B5E1CC1271831FC00521128 /* Friends */,
			);
			path = UserStories;
			sourceTree = "<group>";
		};
		8B5E1CC1271831FC00521128 /* Friends */ = {
			isa = PBXGroup;
			children = (
				8B5E1CC62718322B00521128 /* ViewModel */,
				8B5E1CC52718322300521128 /* View */,
			);
			path = Friends;
			sourceTree = "<group>";
		};
		8B5E1CC22718320700521128 /* Groups */ = {
			isa = PBXGroup;
			children = (
				8B5E1CC92718325A00521128 /* ViewModel */,
				8B5E1CC82718325400521128 /* View */,
			);
			path = Groups;
			sourceTree = "<group>";
		};
		8B5E1CC32718320F00521128 /* Photos */ = {
			isa = PBXGroup;
			children = (
				8B5E1CCC2718328400521128 /* ViewModel */,
				8B5E1CCB2718327C00521128 /* View */,
			);
			path = Photos;
			sourceTree = "<group>";
		};
		8B5E1CC42718321900521128 /* News */ = {
			isa = PBXGroup;
			children = (
				8B5E1CCF271832AC00521128 /* ViewModel */,
				8B5E1CCE271832A700521128 /* View */,
			);
			path = News;
			sourceTree = "<group>";
		};
		8B5E1CC52718322300521128 /* View */ = {
			isa = PBXGroup;
			children = (
				8B5E1CC72718323F00521128 /* Cells */,
				8B5E1CAD2715E48F00521128 /* FriendsView.swift */,
			);
			path = View;
			sourceTree = "<group>";
		};
		8B5E1CC62718322B00521128 /* ViewModel */ = {
			isa = PBXGroup;
			children = (
				8BF0B7C32736FE4000782446 /* FriendViewModel.swift */,
			);
			path = ViewModel;
			sourceTree = "<group>";
		};
		8B5E1CC72718323F00521128 /* Cells */ = {
			isa = PBXGroup;
			children = (
				8BFE8789270DFC63004325E4 /* FriendCellView.swift */,
			);
			path = Cells;
			sourceTree = "<group>";
		};
		8B5E1CC82718325400521128 /* View */ = {
			isa = PBXGroup;
			children = (
				8B5E1CCA2718326200521128 /* Cells */,
				8B5E1CB22715EEFC00521128 /* GroupsView.swift */,
			);
			path = View;
			sourceTree = "<group>";
		};
		8B5E1CC92718325A00521128 /* ViewModel */ = {
			isa = PBXGroup;
			children = (
				8BF0B7C92738036500782446 /* GroupViewModel.swift */,
			);
			path = ViewModel;
			sourceTree = "<group>";
		};
		8B5E1CCA2718326200521128 /* Cells */ = {
			isa = PBXGroup;
			children = (
				8BFE8787270DFC4A004325E4 /* GroupCellView.swift */,
			);
			path = Cells;
			sourceTree = "<group>";
		};
		8B5E1CCB2718327C00521128 /* View */ = {
			isa = PBXGroup;
			children = (
				8B5E1CCD2718328B00521128 /* Cells */,
				8B5E1CB82716D55E00521128 /* FriendPhotosView.swift */,
			);
			path = View;
			sourceTree = "<group>";
		};
		8B5E1CCC2718328400521128 /* ViewModel */ = {
			isa = PBXGroup;
			children = (
				8BF0B7CF273808D200782446 /* PhotoViewModel.swift */,
			);
			path = ViewModel;
			sourceTree = "<group>";
		};
		8B5E1CCD2718328B00521128 /* Cells */ = {
			isa = PBXGroup;
			children = (
				8B5E1CBA2716D83800521128 /* FriendPhotoCellView.swift */,
			);
			path = Cells;
			sourceTree = "<group>";
		};
		8B5E1CCE271832A700521128 /* View */ = {
			isa = PBXGroup;
			children = (
				8B5E1CB42715F02D00521128 /* NewsView.swift */,
			);
			path = View;
			sourceTree = "<group>";
		};
		8B5E1CCF271832AC00521128 /* ViewModel */ = {
			isa = PBXGroup;
			children = (
			);
			path = ViewModel;
			sourceTree = "<group>";
		};
		8B5E1CD0271832BF00521128 /* Login */ = {
			isa = PBXGroup;
			children = (
				8BF0B7D42738382C00782446 /* ViewModel */,
				8B5E1CD1271832C900521128 /* View */,
			);
			path = Login;
			sourceTree = "<group>";
		};
		8B5E1CD1271832C900521128 /* View */ = {
			isa = PBXGroup;
			children = (
				8BFE877B270AE57B004325E4 /* LoginView.swift */,
			);
			path = View;
			sourceTree = "<group>";
		};
		8BF0B7512736CA7800782446 /* VKAuth */ = {
			isa = PBXGroup;
			children = (
				8BF0B7532736CA8C00782446 /* ViewModel */,
				8BF0B7522736CA8200782446 /* View */,
			);
			path = VKAuth;
			sourceTree = "<group>";
		};
		8BF0B7522736CA8200782446 /* View */ = {
			isa = PBXGroup;
			children = (
				8B5E1CD2271834EB00521128 /* VKAuthView.swift */,
			);
			path = View;
			sourceTree = "<group>";
		};
		8BF0B7532736CA8C00782446 /* ViewModel */ = {
			isa = PBXGroup;
			children = (
				8BF0B7542736CACE00782446 /* WebViewModel.swift */,
			);
			path = ViewModel;
			sourceTree = "<group>";
		};
		8BF0B7842736E77A00782446 /* Operations */ = {
			isa = PBXGroup;
			children = (
				8BF0B7852736E77A00782446 /* ParseFriendsData.swift */,
				8BF0B7862736E77A00782446 /* GetDataOperation.swift */,
				8BF0B7872736E77A00782446 /* SaveDataToRealm.swift */,
				8BF0B7882736E77A00782446 /* AsyncOperation.swift */,
			);
			path = Operations;
			sourceTree = "<group>";
		};
		8BF0B7B92736F28600782446 /* Utils */ = {
			isa = PBXGroup;
			children = (
				8BF0B7BA2736F29100782446 /* LazyView.swift */,
				8BF0B7F32738524900782446 /* MyPropertyWrapper.swift */,
			);
			path = Utils;
			sourceTree = "<group>";
		};
		8BF0B7BC2736F56D00782446 /* Common */ = {
			isa = PBXGroup;
			children = (
				8BF0B7BD2736F5D500782446 /* DisplayItemFabrics */,
				8BF0B7BE2736F5F800782446 /* DisplayItems */,
			);
			path = Common;
			sourceTree = "<group>";
		};
		8BF0B7BD2736F5D500782446 /* DisplayItemFabrics */ = {
			isa = PBXGroup;
			children = (
				8BF0B7BF2736F64700782446 /* FriendDisplayItemFabric.swift */,
				8BF0B7C72738021000782446 /* GroupDisplayItemFabric.swift */,
				8BF0B7CD2738074800782446 /* PhotoDisplayItemFabric.swift */,
			);
			path = DisplayItemFabrics;
			sourceTree = "<group>";
		};
		8BF0B7BE2736F5F800782446 /* DisplayItems */ = {
			isa = PBXGroup;
			children = (
				8BF0B7C12736F6B300782446 /* FriendDisplayItem.swift */,
				8BF0B7C5273801D400782446 /* GroupDisplayItem.swift */,
				8BF0B7CB2738073100782446 /* PhotoDisplayItem.swift */,
			);
			path = DisplayItems;
			sourceTree = "<group>";
		};
		8BF0B7D12738143C00782446 /* Animation */ = {
			isa = PBXGroup;
			children = (
			);
			path = Animation;
			sourceTree = "<group>";
		};
		8BF0B7D42738382C00782446 /* ViewModel */ = {
			isa = PBXGroup;
			children = (
				8BF0B7D52738384300782446 /* LoginViewModel.swift */,
			);
			path = ViewModel;
			sourceTree = "<group>";
		};
		8BFE876D270AE57B004325E4 = {
			isa = PBXGroup;
			children = (
				8BFE8778270AE57B004325E4 /* SwiftUI-VKService */,
				8BFE8777270AE57B004325E4 /* Products */,
				9C2DBF2A3B38CB7F62BDA6E8 /* Pods */,
				4FE78ED10495B098B92B53DB /* Frameworks */,
			);
			sourceTree = "<group>";
		};
		8BFE8777270AE57B004325E4 /* Products */ = {
			isa = PBXGroup;
			children = (
				8BFE8776270AE57B004325E4 /* SwiftUI-VKService.app */,
			);
			name = Products;
			sourceTree = "<group>";
		};
		8BFE8778270AE57B004325E4 /* SwiftUI-VKService */ = {
			isa = PBXGroup;
			children = (
				8BF0B7D12738143C00782446 /* Animation */,
				8BF0B7BC2736F56D00782446 /* Common */,
				8BF0B7B92736F28600782446 /* Utils */,
				8BF0B7472736C85E00782446 /* GoogleService-Info.plist */,
				8BFE877F270AE57E004325E4 /* Preview Content */,
				8BFE877D270AE57E004325E4 /* Assets.xcassets */,
				8B5E1CAF2715E8E900521128 /* Models */,
				8BF0B7842736E77A00782446 /* Operations */,
				8B5E1CAC2715E2DF00521128 /* Services */,
				8B5E1CA62715DA1B00521128 /* ViewBuilders */,
				8B5E1CA52715DA0B00521128 /* ViewModifiers */,
				8B5E1CC0271831E800521128 /* UserStories */,
				8BFE8779270AE57B004325E4 /* SwiftUI_VKServiceApp.swift */,
				8B5E1CA32715D9E700521128 /* ContentView.swift */,
				8BF0B7D7273839D800782446 /* MainTabBarCoordinator.swift */,
			);
			path = "SwiftUI-VKService";
			sourceTree = "<group>";
		};
		8BFE877F270AE57E004325E4 /* Preview Content */ = {
			isa = PBXGroup;
			children = (
				8BFE8780270AE57E004325E4 /* Preview Assets.xcassets */,
			);
			path = "Preview Content";
			sourceTree = "<group>";
		};
		9C2DBF2A3B38CB7F62BDA6E8 /* Pods */ = {
			isa = PBXGroup;
			children = (
				6E1FC3EFA9DAA1439CB026E4 /* Pods-SwiftUI-VKService.debug.xcconfig */,
				C96B961B9F802F7626C92E95 /* Pods-SwiftUI-VKService.release.xcconfig */,
			);
			path = Pods;
			sourceTree = "<group>";
		};
/* End PBXGroup section */

/* Begin PBXNativeTarget section */
		8BFE8775270AE57B004325E4 /* SwiftUI-VKService */ = {
			isa = PBXNativeTarget;
			buildConfigurationList = 8BFE8784270AE57E004325E4 /* Build configuration list for PBXNativeTarget "SwiftUI-VKService" */;
			buildPhases = (
				A9E4E5094F0DD42EC2B403FF /* [CP] Check Pods Manifest.lock */,
				8BFE8772270AE57B004325E4 /* Sources */,
				8BFE8773270AE57B004325E4 /* Frameworks */,
				8BFE8774270AE57B004325E4 /* Resources */,
				2C96568D7A37DABF1832D5FE /* [CP] Embed Pods Frameworks */,
			);
			buildRules = (
			);
			dependencies = (
			);
			name = "SwiftUI-VKService";
			packageProductDependencies = (
				8B5E1CA82715DB3F00521128 /* ASCollectionView */,
			);
			productName = "SwiftUI-VKService";
			productReference = 8BFE8776270AE57B004325E4 /* SwiftUI-VKService.app */;
			productType = "com.apple.product-type.application";
		};
/* End PBXNativeTarget section */

/* Begin PBXProject section */
		8BFE876E270AE57B004325E4 /* Project object */ = {
			isa = PBXProject;
			attributes = {
				BuildIndependentTargetsInParallel = 1;
				LastSwiftUpdateCheck = 1300;
				LastUpgradeCheck = 1300;
				TargetAttributes = {
					8BFE8775270AE57B004325E4 = {
						CreatedOnToolsVersion = 13.0;
					};
				};
			};
			buildConfigurationList = 8BFE8771270AE57B004325E4 /* Build configuration list for PBXProject "SwiftUI-VKService" */;
			compatibilityVersion = "Xcode 13.0";
			developmentRegion = en;
			hasScannedForEncodings = 0;
			knownRegions = (
				en,
				Base,
			);
			mainGroup = 8BFE876D270AE57B004325E4;
			packageReferences = (
				8B5E1CA72715DB3F00521128 /* XCRemoteSwiftPackageReference "ASCollectionView" */,
			);
			productRefGroup = 8BFE8777270AE57B004325E4 /* Products */;
			projectDirPath = "";
			projectRoot = "";
			targets = (
				8BFE8775270AE57B004325E4 /* SwiftUI-VKService */,
			);
		};
/* End PBXProject section */

/* Begin PBXResourcesBuildPhase section */
		8BFE8774270AE57B004325E4 /* Resources */ = {
			isa = PBXResourcesBuildPhase;
			buildActionMask = 2147483647;
			files = (
				8BFE8781270AE57E004325E4 /* Preview Assets.xcassets in Resources */,
				8BFE877E270AE57E004325E4 /* Assets.xcassets in Resources */,
				8BF0B7482736C85E00782446 /* GoogleService-Info.plist in Resources */,
			);
			runOnlyForDeploymentPostprocessing = 0;
		};
/* End PBXResourcesBuildPhase section */

/* Begin PBXShellScriptBuildPhase section */
		2C96568D7A37DABF1832D5FE /* [CP] Embed Pods Frameworks */ = {
			isa = PBXShellScriptBuildPhase;
			buildActionMask = 2147483647;
			files = (
			);
			inputFileListPaths = (
				"${PODS_ROOT}/Target Support Files/Pods-SwiftUI-VKService/Pods-SwiftUI-VKService-frameworks-${CONFIGURATION}-input-files.xcfilelist",
			);
			name = "[CP] Embed Pods Frameworks";
			outputFileListPaths = (
				"${PODS_ROOT}/Target Support Files/Pods-SwiftUI-VKService/Pods-SwiftUI-VKService-frameworks-${CONFIGURATION}-output-files.xcfilelist",
			);
			runOnlyForDeploymentPostprocessing = 0;
			shellPath = /bin/sh;
			shellScript = "\"${PODS_ROOT}/Target Support Files/Pods-SwiftUI-VKService/Pods-SwiftUI-VKService-frameworks.sh\"\n";
			showEnvVarsInLog = 0;
		};
		A9E4E5094F0DD42EC2B403FF /* [CP] Check Pods Manifest.lock */ = {
			isa = PBXShellScriptBuildPhase;
			buildActionMask = 2147483647;
			files = (
			);
			inputFileListPaths = (
			);
			inputPaths = (
				"${PODS_PODFILE_DIR_PATH}/Podfile.lock",
				"${PODS_ROOT}/Manifest.lock",
			);
			name = "[CP] Check Pods Manifest.lock";
			outputFileListPaths = (
			);
			outputPaths = (
				"$(DERIVED_FILE_DIR)/Pods-SwiftUI-VKService-checkManifestLockResult.txt",
			);
			runOnlyForDeploymentPostprocessing = 0;
			shellPath = /bin/sh;
			shellScript = "diff \"${PODS_PODFILE_DIR_PATH}/Podfile.lock\" \"${PODS_ROOT}/Manifest.lock\" > /dev/null\nif [ $? != 0 ] ; then\n    # print error to STDERR\n    echo \"error: The sandbox is not in sync with the Podfile.lock. Run 'pod install' or update your CocoaPods installation.\" >&2\n    exit 1\nfi\n# This output is used by Xcode 'outputs' to avoid re-running this script phase.\necho \"SUCCESS\" > \"${SCRIPT_OUTPUT_FILE_0}\"\n";
			showEnvVarsInLog = 0;
		};
/* End PBXShellScriptBuildPhase section */

/* Begin PBXSourcesBuildPhase section */
		8BFE8772270AE57B004325E4 /* Sources */ = {
			isa = PBXSourcesBuildPhase;
			buildActionMask = 2147483647;
			files = (
				8BF0B7D8273839D800782446 /* MainTabBarCoordinator.swift in Sources */,
				8BF0B7572736CC8E00782446 /* Session.swift in Sources */,
				8BF0B7C22736F6B300782446 /* FriendDisplayItem.swift in Sources */,
				8BFE877C270AE57B004325E4 /* LoginView.swift in Sources */,
				8BF0B75C2736D2AE00782446 /* VKServiceProxy.swift in Sources */,
				8BFE878C270E0609004325E4 /* CircleShadowViewModifier.swift in Sources */,
				8B5E1CB32715EEFC00521128 /* GroupsView.swift in Sources */,
				8B5E1CA42715D9E700521128 /* ContentView.swift in Sources */,
				8BF0B7AC2736E8BF00782446 /* GroupModel.swift in Sources */,
				8B5E1CD3271834EB00521128 /* VKAuthView.swift in Sources */,
				8B5E1CAE2715E48F00521128 /* FriendsView.swift in Sources */,
				8BFE877A270AE57B004325E4 /* SwiftUI_VKServiceApp.swift in Sources */,
				8BF0B79B2736E80900782446 /* FirebaseNew.swift in Sources */,
				8BF0B7552736CACE00782446 /* WebViewModel.swift in Sources */,
				8BF0B7CE2738074800782446 /* PhotoDisplayItemFabric.swift in Sources */,
				8BF0B78B2736E77A00782446 /* SaveDataToRealm.swift in Sources */,
				8BF0B7C6273801D400782446 /* GroupDisplayItem.swift in Sources */,
				8B5E1CBF2716EC3600521128 /* SectionDataModel.swift in Sources */,
				8B5E1CBB2716D83800521128 /* FriendPhotoCellView.swift in Sources */,
				8BF0B7AE2736E8BF00782446 /* UserModel.swift in Sources */,
				8BF0B7622736D2CA00782446 /* VKService.swift in Sources */,
				8BF0B7D62738384300782446 /* LoginViewModel.swift in Sources */,
				8BF0B7C82738021000782446 /* GroupDisplayItemFabric.swift in Sources */,
				8BF0B7C02736F64700782446 /* FriendDisplayItemFabric.swift in Sources */,
				8BFE878E2710A171004325E4 /* AvatarImageViewBuilder.swift in Sources */,
				8BF0B7CA2738036500782446 /* GroupViewModel.swift in Sources */,
				8BF0B76D2736D32500782446 /* RealmService.swift in Sources */,
				8BF0B7892736E77A00782446 /* ParseFriendsData.swift in Sources */,
				8BFE878A270DFC63004325E4 /* FriendCellView.swift in Sources */,
				8BF0B7D0273808D200782446 /* PhotoViewModel.swift in Sources */,
				8BF0B7AD2736E8BF00782446 /* PhotoModel.swift in Sources */,
				8BF0B7C42736FE4000782446 /* FriendViewModel.swift in Sources */,
				8B5E1CB92716D55E00521128 /* FriendPhotosView.swift in Sources */,
				8BF0B75E2736D2B700782446 /* VKServiceInterface.swift in Sources */,
				8BF0B7602736D2BD00782446 /* VKServiceError.swift in Sources */,
				8BF0B7CC2738073100782446 /* PhotoDisplayItem.swift in Sources */,
				8BF0B7592736CCBC00782446 /* FirebaseUser.swift in Sources */,
				8BF0B78A2736E77A00782446 /* GetDataOperation.swift in Sources */,
				8B5E1CB52715F02D00521128 /* NewsView.swift in Sources */,
				8BFE8788270DFC4A004325E4 /* GroupCellView.swift in Sources */,
				8BF0B7BB2736F29200782446 /* LazyView.swift in Sources */,
				8BF0B78C2736E77A00782446 /* AsyncOperation.swift in Sources */,
				8BF0B7F42738524900782446 /* MyPropertyWrapper.swift in Sources */,
				8B5E1CAB2715E26600521128 /* LoginService.swift in Sources */,
			);
			runOnlyForDeploymentPostprocessing = 0;
		};
/* End PBXSourcesBuildPhase section */

/* Begin XCBuildConfiguration section */
		8BFE8782270AE57E004325E4 /* Debug */ = {
			isa = XCBuildConfiguration;
			buildSettings = {
				ALWAYS_SEARCH_USER_PATHS = NO;
				CLANG_ANALYZER_NONNULL = YES;
				CLANG_ANALYZER_NUMBER_OBJECT_CONVERSION = YES_AGGRESSIVE;
				CLANG_CXX_LANGUAGE_STANDARD = "gnu++17";
				CLANG_CXX_LIBRARY = "libc++";
				CLANG_ENABLE_MODULES = YES;
				CLANG_ENABLE_OBJC_ARC = YES;
				CLANG_ENABLE_OBJC_WEAK = YES;
				CLANG_WARN_BLOCK_CAPTURE_AUTORELEASING = YES;
				CLANG_WARN_BOOL_CONVERSION = YES;
				CLANG_WARN_COMMA = YES;
				CLANG_WARN_CONSTANT_CONVERSION = YES;
				CLANG_WARN_DEPRECATED_OBJC_IMPLEMENTATIONS = YES;
				CLANG_WARN_DIRECT_OBJC_ISA_USAGE = YES_ERROR;
				CLANG_WARN_DOCUMENTATION_COMMENTS = YES;
				CLANG_WARN_EMPTY_BODY = YES;
				CLANG_WARN_ENUM_CONVERSION = YES;
				CLANG_WARN_INFINITE_RECURSION = YES;
				CLANG_WARN_INT_CONVERSION = YES;
				CLANG_WARN_NON_LITERAL_NULL_CONVERSION = YES;
				CLANG_WARN_OBJC_IMPLICIT_RETAIN_SELF = YES;
				CLANG_WARN_OBJC_LITERAL_CONVERSION = YES;
				CLANG_WARN_OBJC_ROOT_CLASS = YES_ERROR;
				CLANG_WARN_QUOTED_INCLUDE_IN_FRAMEWORK_HEADER = YES;
				CLANG_WARN_RANGE_LOOP_ANALYSIS = YES;
				CLANG_WARN_STRICT_PROTOTYPES = YES;
				CLANG_WARN_SUSPICIOUS_MOVE = YES;
				CLANG_WARN_UNGUARDED_AVAILABILITY = YES_AGGRESSIVE;
				CLANG_WARN_UNREACHABLE_CODE = YES;
				CLANG_WARN__DUPLICATE_METHOD_MATCH = YES;
				COPY_PHASE_STRIP = NO;
				DEBUG_INFORMATION_FORMAT = dwarf;
				ENABLE_STRICT_OBJC_MSGSEND = YES;
				ENABLE_TESTABILITY = YES;
				GCC_C_LANGUAGE_STANDARD = gnu11;
				GCC_DYNAMIC_NO_PIC = NO;
				GCC_NO_COMMON_BLOCKS = YES;
				GCC_OPTIMIZATION_LEVEL = 0;
				GCC_PREPROCESSOR_DEFINITIONS = (
					"DEBUG=1",
					"$(inherited)",
				);
				GCC_WARN_64_TO_32_BIT_CONVERSION = YES;
				GCC_WARN_ABOUT_RETURN_TYPE = YES_ERROR;
				GCC_WARN_UNDECLARED_SELECTOR = YES;
				GCC_WARN_UNINITIALIZED_AUTOS = YES_AGGRESSIVE;
				GCC_WARN_UNUSED_FUNCTION = YES;
				GCC_WARN_UNUSED_VARIABLE = YES;
				IPHONEOS_DEPLOYMENT_TARGET = 15.0;
				MTL_ENABLE_DEBUG_INFO = INCLUDE_SOURCE;
				MTL_FAST_MATH = YES;
				ONLY_ACTIVE_ARCH = YES;
				SDKROOT = iphoneos;
				SWIFT_ACTIVE_COMPILATION_CONDITIONS = DEBUG;
				SWIFT_OPTIMIZATION_LEVEL = "-Onone";
			};
			name = Debug;
		};
		8BFE8783270AE57E004325E4 /* Release */ = {
			isa = XCBuildConfiguration;
			buildSettings = {
				ALWAYS_SEARCH_USER_PATHS = NO;
				CLANG_ANALYZER_NONNULL = YES;
				CLANG_ANALYZER_NUMBER_OBJECT_CONVERSION = YES_AGGRESSIVE;
				CLANG_CXX_LANGUAGE_STANDARD = "gnu++17";
				CLANG_CXX_LIBRARY = "libc++";
				CLANG_ENABLE_MODULES = YES;
				CLANG_ENABLE_OBJC_ARC = YES;
				CLANG_ENABLE_OBJC_WEAK = YES;
				CLANG_WARN_BLOCK_CAPTURE_AUTORELEASING = YES;
				CLANG_WARN_BOOL_CONVERSION = YES;
				CLANG_WARN_COMMA = YES;
				CLANG_WARN_CONSTANT_CONVERSION = YES;
				CLANG_WARN_DEPRECATED_OBJC_IMPLEMENTATIONS = YES;
				CLANG_WARN_DIRECT_OBJC_ISA_USAGE = YES_ERROR;
				CLANG_WARN_DOCUMENTATION_COMMENTS = YES;
				CLANG_WARN_EMPTY_BODY = YES;
				CLANG_WARN_ENUM_CONVERSION = YES;
				CLANG_WARN_INFINITE_RECURSION = YES;
				CLANG_WARN_INT_CONVERSION = YES;
				CLANG_WARN_NON_LITERAL_NULL_CONVERSION = YES;
				CLANG_WARN_OBJC_IMPLICIT_RETAIN_SELF = YES;
				CLANG_WARN_OBJC_LITERAL_CONVERSION = YES;
				CLANG_WARN_OBJC_ROOT_CLASS = YES_ERROR;
				CLANG_WARN_QUOTED_INCLUDE_IN_FRAMEWORK_HEADER = YES;
				CLANG_WARN_RANGE_LOOP_ANALYSIS = YES;
				CLANG_WARN_STRICT_PROTOTYPES = YES;
				CLANG_WARN_SUSPICIOUS_MOVE = YES;
				CLANG_WARN_UNGUARDED_AVAILABILITY = YES_AGGRESSIVE;
				CLANG_WARN_UNREACHABLE_CODE = YES;
				CLANG_WARN__DUPLICATE_METHOD_MATCH = YES;
				COPY_PHASE_STRIP = NO;
				DEBUG_INFORMATION_FORMAT = "dwarf-with-dsym";
				ENABLE_NS_ASSERTIONS = NO;
				ENABLE_STRICT_OBJC_MSGSEND = YES;
				GCC_C_LANGUAGE_STANDARD = gnu11;
				GCC_NO_COMMON_BLOCKS = YES;
				GCC_WARN_64_TO_32_BIT_CONVERSION = YES;
				GCC_WARN_ABOUT_RETURN_TYPE = YES_ERROR;
				GCC_WARN_UNDECLARED_SELECTOR = YES;
				GCC_WARN_UNINITIALIZED_AUTOS = YES_AGGRESSIVE;
				GCC_WARN_UNUSED_FUNCTION = YES;
				GCC_WARN_UNUSED_VARIABLE = YES;
				IPHONEOS_DEPLOYMENT_TARGET = 15.0;
				MTL_ENABLE_DEBUG_INFO = NO;
				MTL_FAST_MATH = YES;
				SDKROOT = iphoneos;
				SWIFT_COMPILATION_MODE = wholemodule;
				SWIFT_OPTIMIZATION_LEVEL = "-O";
				VALIDATE_PRODUCT = YES;
			};
			name = Release;
		};
		8BFE8785270AE57E004325E4 /* Debug */ = {
			isa = XCBuildConfiguration;
			baseConfigurationReference = 6E1FC3EFA9DAA1439CB026E4 /* Pods-SwiftUI-VKService.debug.xcconfig */;
			buildSettings = {
				ASSETCATALOG_COMPILER_APPICON_NAME = AppIcon;
				ASSETCATALOG_COMPILER_GLOBAL_ACCENT_COLOR_NAME = AccentColor;
				CODE_SIGN_STYLE = Automatic;
				CURRENT_PROJECT_VERSION = 1;
				DEVELOPMENT_ASSET_PATHS = "\"SwiftUI-VKService/Preview Content\"";
				DEVELOPMENT_TEAM = X6GH7HXG96;
				ENABLE_PREVIEWS = YES;
				GENERATE_INFOPLIST_FILE = YES;
				INFOPLIST_KEY_UIApplicationSceneManifest_Generation = YES;
				INFOPLIST_KEY_UIApplicationSupportsIndirectInputEvents = YES;
				INFOPLIST_KEY_UILaunchScreen_Generation = YES;
				INFOPLIST_KEY_UISupportedInterfaceOrientations_iPad = "UIInterfaceOrientationPortrait UIInterfaceOrientationPortraitUpsideDown UIInterfaceOrientationLandscapeLeft UIInterfaceOrientationLandscapeRight";
				INFOPLIST_KEY_UISupportedInterfaceOrientations_iPhone = "UIInterfaceOrientationPortrait UIInterfaceOrientationLandscapeLeft UIInterfaceOrientationLandscapeRight";
				IPHONEOS_DEPLOYMENT_TARGET = 14.0;
				LD_RUNPATH_SEARCH_PATHS = (
					"$(inherited)",
					"@executable_path/Frameworks",
				);
				MARKETING_VERSION = 1.0;
				PRODUCT_BUNDLE_IDENTIFIER = "kopytinka.SwiftUI-VKService";
				PRODUCT_NAME = "$(TARGET_NAME)";
				SWIFT_EMIT_LOC_STRINGS = YES;
				SWIFT_VERSION = 5.0;
				TARGETED_DEVICE_FAMILY = "1,2";
			};
			name = Debug;
		};
		8BFE8786270AE57E004325E4 /* Release */ = {
			isa = XCBuildConfiguration;
			baseConfigurationReference = C96B961B9F802F7626C92E95 /* Pods-SwiftUI-VKService.release.xcconfig */;
			buildSettings = {
				ASSETCATALOG_COMPILER_APPICON_NAME = AppIcon;
				ASSETCATALOG_COMPILER_GLOBAL_ACCENT_COLOR_NAME = AccentColor;
				CODE_SIGN_STYLE = Automatic;
				CURRENT_PROJECT_VERSION = 1;
				DEVELOPMENT_ASSET_PATHS = "\"SwiftUI-VKService/Preview Content\"";
				DEVELOPMENT_TEAM = X6GH7HXG96;
				ENABLE_PREVIEWS = YES;
				GENERATE_INFOPLIST_FILE = YES;
				INFOPLIST_KEY_UIApplicationSceneManifest_Generation = YES;
				INFOPLIST_KEY_UIApplicationSupportsIndirectInputEvents = YES;
				INFOPLIST_KEY_UILaunchScreen_Generation = YES;
				INFOPLIST_KEY_UISupportedInterfaceOrientations_iPad = "UIInterfaceOrientationPortrait UIInterfaceOrientationPortraitUpsideDown UIInterfaceOrientationLandscapeLeft UIInterfaceOrientationLandscapeRight";
				INFOPLIST_KEY_UISupportedInterfaceOrientations_iPhone = "UIInterfaceOrientationPortrait UIInterfaceOrientationLandscapeLeft UIInterfaceOrientationLandscapeRight";
				IPHONEOS_DEPLOYMENT_TARGET = 14.0;
				LD_RUNPATH_SEARCH_PATHS = (
					"$(inherited)",
					"@executable_path/Frameworks",
				);
				MARKETING_VERSION = 1.0;
				PRODUCT_BUNDLE_IDENTIFIER = "kopytinka.SwiftUI-VKService";
				PRODUCT_NAME = "$(TARGET_NAME)";
				SWIFT_EMIT_LOC_STRINGS = YES;
				SWIFT_VERSION = 5.0;
				TARGETED_DEVICE_FAMILY = "1,2";
			};
			name = Release;
		};
/* End XCBuildConfiguration section */

/* Begin XCConfigurationList section */
		8BFE8771270AE57B004325E4 /* Build configuration list for PBXProject "SwiftUI-VKService" */ = {
			isa = XCConfigurationList;
			buildConfigurations = (
				8BFE8782270AE57E004325E4 /* Debug */,
				8BFE8783270AE57E004325E4 /* Release */,
			);
			defaultConfigurationIsVisible = 0;
			defaultConfigurationName = Release;
		};
		8BFE8784270AE57E004325E4 /* Build configuration list for PBXNativeTarget "SwiftUI-VKService" */ = {
			isa = XCConfigurationList;
			buildConfigurations = (
				8BFE8785270AE57E004325E4 /* Debug */,
				8BFE8786270AE57E004325E4 /* Release */,
			);
			defaultConfigurationIsVisible = 0;
			defaultConfigurationName = Release;
		};
/* End XCConfigurationList section */

/* Begin XCRemoteSwiftPackageReference section */
		8B5E1CA72715DB3F00521128 /* XCRemoteSwiftPackageReference "ASCollectionView" */ = {
			isa = XCRemoteSwiftPackageReference;
			repositoryURL = "https://github.com/apptekstudios/ASCollectionView";
			requirement = {
				kind = upToNextMajorVersion;
				minimumVersion = 2.1.1;
			};
		};
/* End XCRemoteSwiftPackageReference section */

/* Begin XCSwiftPackageProductDependency section */
		8B5E1CA82715DB3F00521128 /* ASCollectionView */ = {
			isa = XCSwiftPackageProductDependency;
			package = 8B5E1CA72715DB3F00521128 /* XCRemoteSwiftPackageReference "ASCollectionView" */;
			productName = ASCollectionView;
		};
/* End XCSwiftPackageProductDependency section */
	};
	rootObject = 8BFE876E270AE57B004325E4 /* Project object */;
}
